
Microsoft Visual Studio Solution File, Format Version 12.00
# Visual Studio Version 17
VisualStudioVersion = 17.4.33103.184
MinimumVisualStudioVersion = 10.0.40219.1
Project("{FAE04EC0-301F-11D3-BF4B-00C04F79EFBC}") = "ProvaAdisra", "ProvaAdisra\ProvaAdisra.csproj", "{FE1DA8FC-39C9-41C2-A60F-30F2239C29A6}"
EndProject
Global
	GlobalSection(SolutionConfigurationPlatforms) = preSolution
		Debug|Any CPU = Debug|Any CPU
		Release|Any CPU = Release|Any CPU
	EndGlobalSection
	GlobalSection(ProjectConfigurationPlatforms) = postSolution
		{FE1DA8FC-39C9-41C2-A60F-30F2239C29A6}.Debug|Any CPU.ActiveCfg = Debug|Any CPU
		{FE1DA8FC-39C9-41C2-A60F-30F2239C29A6}.Debug|Any CPU.Build.0 = Debug|Any CPU
		{FE1DA8FC-39C9-41C2-A60F-30F2239C29A6}.Release|Any CPU.ActiveCfg = Release|Any CPU
		{FE1DA8FC-39C9-41C2-A60F-30F2239C29A6}.Release|Any CPU.Build.0 = Release|Any CPU
	EndGlobalSection
	GlobalSection(SolutionProperties) = preSolution
		HideSolutionNode = FALSE
	EndGlobalSection
	GlobalSection(ExtensibilityGlobals) = postSolution
		SolutionGuid = {D6EA811B-4539-4A25-AEE3-79E17220EAA0}
	EndGlobalSection
EndGlobal
